{
  "name": "kipa",
  "version": "1.0.0",
  "lockfileVersion": 2,
  "requires": true,
  "packages": {
    "": {
      "name": "kipa",
      "version": "1.0.0",
      "license": "ISC",
      "dependencies": {
        "kurdish-numbers-to-words": "^1.0.1"
      }
    },
    "node_modules/kurdish-numbers-to-words": {
      "version": "1.0.1",
      "resolved": "https://registry.npmjs.org/kurdish-numbers-to-words/-/kurdish-numbers-to-words-1.0.1.tgz",
      "integrity": "sha512-u3MdKpL2c2xHQks/9rli9wnYIFjkxWTVLebwRLyoStZ7B2sFxQm0YZCCZD2dZ0+EGIs4m19bpSuPRUkU/nj6sQ=="
    }
  },
  "dependencies": {
    "kurdish-numbers-to-words": {
      "version": "1.0.1",
      "resolved": "https://registry.npmjs.org/kurdish-numbers-to-words/-/kurdish-numbers-to-words-1.0.1.tgz",
      "integrity": "sha512-u3MdKpL2c2xHQks/9rli9wnYIFjkxWTVLebwRLyoStZ7B2sFxQm0YZCCZD2dZ0+EGIs4m19bpSuPRUkU/nj6sQ=="
    }
  }
}
